
Microsoft Visual Studio Solution File, Format Version 12.00
# Visual Studio Version 17
VisualStudioVersion = 17.5.33103.201
MinimumVisualStudioVersion = 10.0.40219.1
Project("{9A19103F-16F7-4668-BE54-9A1E7A4F7556}") = "phyphox-CSV-to-GPX", "phyphoxLocationToGpx\phyphox-CSV-to-GPX.csproj", "{047B9810-109B-42BC-B6AA-21D00FCFED7E}"
EndProject
Global
	GlobalSection(SolutionConfigurationPlatforms) = preSolution
		Debug|Any CPU = Debug|Any CPU
		Release|Any CPU = Release|Any CPU
	EndGlobalSection
	GlobalSection(ProjectConfigurationPlatforms) = postSolution
		{047B9810-109B-42BC-B6AA-21D00FCFED7E}.Debug|Any CPU.ActiveCfg = Debug|Any CPU
		{047B9810-109B-42BC-B6AA-21D00FCFED7E}.Debug|Any CPU.Build.0 = Debug|Any CPU
		{047B9810-109B-42BC-B6AA-21D00FCFED7E}.Release|Any CPU.ActiveCfg = Release|Any CPU
		{047B9810-109B-42BC-B6AA-21D00FCFED7E}.Release|Any CPU.Build.0 = Release|Any CPU
	EndGlobalSection
	GlobalSection(SolutionProperties) = preSolution
		HideSolutionNode = FALSE
	EndGlobalSection
	GlobalSection(ExtensibilityGlobals) = postSolution
		SolutionGuid = {DA3ACF68-5276-4CCE-A5E5-143889063545}
	EndGlobalSection
EndGlobal
